
Microsoft Visual Studio Solution File, Format Version 12.00
# Visual Studio Version 16
VisualStudioVersion = 16.0.30114.105
MinimumVisualStudioVersion = 10.0.40219.1
Project("{FAE04EC0-301F-11D3-BF4B-00C04F79EFBC}") = "RangeCountingTests", "RangeCountingTests\RangeCountingTests.csproj", "{6CF2A15F-8A6B-40EC-A80B-62E20F9CAB81}"
EndProject
Project("{FAE04EC0-301F-11D3-BF4B-00C04F79EFBC}") = "RangeCounting", "RangeCounting\RangeCounting.csproj", "{65317BC4-AF28-4DAD-9866-B8B9F47BFD0C}"
EndProject
Global
	GlobalSection(SolutionConfigurationPlatforms) = preSolution
		Debug|Any CPU = Debug|Any CPU
		Release|Any CPU = Release|Any CPU
	EndGlobalSection
	GlobalSection(SolutionProperties) = preSolution
		HideSolutionNode = FALSE
	EndGlobalSection
	GlobalSection(ProjectConfigurationPlatforms) = postSolution
		{E4F2DC7B-BB62-46FA-98C4-58F70D03B990}.Debug|Any CPU.ActiveCfg = Debug|Any CPU
		{E4F2DC7B-BB62-46FA-98C4-58F70D03B990}.Debug|Any CPU.Build.0 = Debug|Any CPU
		{E4F2DC7B-BB62-46FA-98C4-58F70D03B990}.Release|Any CPU.ActiveCfg = Release|Any CPU
		{E4F2DC7B-BB62-46FA-98C4-58F70D03B990}.Release|Any CPU.Build.0 = Release|Any CPU
		{B3C07C2E-56AE-43DD-9D58-8712B2FD8F01}.Debug|Any CPU.ActiveCfg = Debug|Any CPU
		{B3C07C2E-56AE-43DD-9D58-8712B2FD8F01}.Debug|Any CPU.Build.0 = Debug|Any CPU
		{B3C07C2E-56AE-43DD-9D58-8712B2FD8F01}.Release|Any CPU.ActiveCfg = Release|Any CPU
		{B3C07C2E-56AE-43DD-9D58-8712B2FD8F01}.Release|Any CPU.Build.0 = Release|Any CPU
		{F7378571-9720-42CB-B41B-5B3E70BA976B}.Debug|Any CPU.ActiveCfg = Debug|Any CPU
		{F7378571-9720-42CB-B41B-5B3E70BA976B}.Debug|Any CPU.Build.0 = Debug|Any CPU
		{F7378571-9720-42CB-B41B-5B3E70BA976B}.Release|Any CPU.ActiveCfg = Release|Any CPU
		{F7378571-9720-42CB-B41B-5B3E70BA976B}.Release|Any CPU.Build.0 = Release|Any CPU
		{6CF2A15F-8A6B-40EC-A80B-62E20F9CAB81}.Debug|Any CPU.ActiveCfg = Debug|Any CPU
		{6CF2A15F-8A6B-40EC-A80B-62E20F9CAB81}.Debug|Any CPU.Build.0 = Debug|Any CPU
		{6CF2A15F-8A6B-40EC-A80B-62E20F9CAB81}.Release|Any CPU.ActiveCfg = Release|Any CPU
		{6CF2A15F-8A6B-40EC-A80B-62E20F9CAB81}.Release|Any CPU.Build.0 = Release|Any CPU
		{65317BC4-AF28-4DAD-9866-B8B9F47BFD0C}.Debug|Any CPU.ActiveCfg = Debug|Any CPU
		{65317BC4-AF28-4DAD-9866-B8B9F47BFD0C}.Debug|Any CPU.Build.0 = Debug|Any CPU
		{65317BC4-AF28-4DAD-9866-B8B9F47BFD0C}.Release|Any CPU.ActiveCfg = Release|Any CPU
		{65317BC4-AF28-4DAD-9866-B8B9F47BFD0C}.Release|Any CPU.Build.0 = Release|Any CPU
	EndGlobalSection
EndGlobal
